// !$*UTF8*$!
{
	archiveVersion = 1;
	classes = {
	};
	objectVersion = 56;
	objects = {

/* Begin PBXBuildFile section */
		A750CC4C2C85CC28003A4B0C /* Entry.swift in Sources */ = {isa = PBXBuildFile; fileRef = A750CC4B2C85CC28003A4B0C /* Entry.swift */; };
		A750CC4F2C85CE90003A4B0C /* EntryListView.swift in Sources */ = {isa = PBXBuildFile; fileRef = A750CC4E2C85CE90003A4B0C /* EntryListView.swift */; };
		A750CC512C85EE74003A4B0C /* EntryView.swift in Sources */ = {isa = PBXBuildFile; fileRef = A750CC502C85EE74003A4B0C /* EntryView.swift */; };
		A750CC592C871836003A4B0C /* ButtonView.swift in Sources */ = {isa = PBXBuildFile; fileRef = A750CC582C871836003A4B0C /* ButtonView.swift */; };
		A750CC5B2C871B33003A4B0C /* AddNewEntryView.swift in Sources */ = {isa = PBXBuildFile; fileRef = A750CC5A2C871B33003A4B0C /* AddNewEntryView.swift */; };
		A750CC5D2C871DB3003A4B0C /* EntryTypeSelectView.swift in Sources */ = {isa = PBXBuildFile; fileRef = A750CC5C2C871DB3003A4B0C /* EntryTypeSelectView.swift */; };
		A750CC5F2C873D8F003A4B0C /* EntryDetails.swift in Sources */ = {isa = PBXBuildFile; fileRef = A750CC5E2C873D8F003A4B0C /* EntryDetails.swift */; };
		A750CC672C886A25003A4B0C /* HomeTabView.swift in Sources */ = {isa = PBXBuildFile; fileRef = A750CC662C886A25003A4B0C /* HomeTabView.swift */; };
		A750CC692C886AE2003A4B0C /* CaloriesOverviewView.swift in Sources */ = {isa = PBXBuildFile; fileRef = A750CC682C886AE2003A4B0C /* CaloriesOverviewView.swift */; };
		A750CC6C2C88909D003A4B0C /* Utils.swift in Sources */ = {isa = PBXBuildFile; fileRef = A750CC6B2C88909D003A4B0C /* Utils.swift */; };
		DB4097042C81FCE2007AA461 /* _3_03_ErnaehrungstrackerApp.swift in Sources */ = {isa = PBXBuildFile; fileRef = DB4097032C81FCE2007AA461 /* _3_03_ErnaehrungstrackerApp.swift */; };
		DB4097062C81FCE2007AA461 /* ContentView.swift in Sources */ = {isa = PBXBuildFile; fileRef = DB4097052C81FCE2007AA461 /* ContentView.swift */; };
		DB4097082C81FCE3007AA461 /* Assets.xcassets in Resources */ = {isa = PBXBuildFile; fileRef = DB4097072C81FCE3007AA461 /* Assets.xcassets */; };
		DB40970B2C81FCE3007AA461 /* Preview Assets.xcassets in Resources */ = {isa = PBXBuildFile; fileRef = DB40970A2C81FCE3007AA461 /* Preview Assets.xcassets */; };
/* End PBXBuildFile section */

/* Begin PBXFileReference section */
		A750CC4B2C85CC28003A4B0C /* Entry.swift */ = {isa = PBXFileReference; lastKnownFileType = sourcecode.swift; path = Entry.swift; sourceTree = "<group>"; };
		A750CC4E2C85CE90003A4B0C /* EntryListView.swift */ = {isa = PBXFileReference; lastKnownFileType = sourcecode.swift; path = EntryListView.swift; sourceTree = "<group>"; };
		A750CC502C85EE74003A4B0C /* EntryView.swift */ = {isa = PBXFileReference; lastKnownFileType = sourcecode.swift; path = EntryView.swift; sourceTree = "<group>"; };
		A750CC582C871836003A4B0C /* ButtonView.swift */ = {isa = PBXFileReference; lastKnownFileType = sourcecode.swift; path = ButtonView.swift; sourceTree = "<group>"; };
		A750CC5A2C871B33003A4B0C /* AddNewEntryView.swift */ = {isa = PBXFileReference; lastKnownFileType = sourcecode.swift; path = AddNewEntryView.swift; sourceTree = "<group>"; };
		A750CC5C2C871DB3003A4B0C /* EntryTypeSelectView.swift */ = {isa = PBXFileReference; lastKnownFileType = sourcecode.swift; path = EntryTypeSelectView.swift; sourceTree = "<group>"; };
		A750CC5E2C873D8F003A4B0C /* EntryDetails.swift */ = {isa = PBXFileReference; lastKnownFileType = sourcecode.swift; path = EntryDetails.swift; sourceTree = "<group>"; };
		A750CC662C886A25003A4B0C /* HomeTabView.swift */ = {isa = PBXFileReference; lastKnownFileType = sourcecode.swift; path = HomeTabView.swift; sourceTree = "<group>"; };
		A750CC682C886AE2003A4B0C /* CaloriesOverviewView.swift */ = {isa = PBXFileReference; lastKnownFileType = sourcecode.swift; path = CaloriesOverviewView.swift; sourceTree = "<group>"; };
		A750CC6B2C88909D003A4B0C /* Utils.swift */ = {isa = PBXFileReference; lastKnownFileType = sourcecode.swift; path = Utils.swift; sourceTree = "<group>"; };
		DB4097002C81FCE2007AA461 /* 03-03-Ernaehrungstracker.app */ = {isa = PBXFileReference; explicitFileType = wrapper.application; includeInIndex = 0; path = "03-03-Ernaehrungstracker.app"; sourceTree = BUILT_PRODUCTS_DIR; };
		DB4097032C81FCE2007AA461 /* _3_03_ErnaehrungstrackerApp.swift */ = {isa = PBXFileReference; lastKnownFileType = sourcecode.swift; path = _3_03_ErnaehrungstrackerApp.swift; sourceTree = "<group>"; };
		DB4097052C81FCE2007AA461 /* ContentView.swift */ = {isa = PBXFileReference; lastKnownFileType = sourcecode.swift; path = ContentView.swift; sourceTree = "<group>"; };
		DB4097072C81FCE3007AA461 /* Assets.xcassets */ = {isa = PBXFileReference; lastKnownFileType = folder.assetcatalog; path = Assets.xcassets; sourceTree = "<group>"; };
		DB40970A2C81FCE3007AA461 /* Preview Assets.xcassets */ = {isa = PBXFileReference; lastKnownFileType = folder.assetcatalog; path = "Preview Assets.xcassets"; sourceTree = "<group>"; };
/* End PBXFileReference section */

/* Begin PBXFrameworksBuildPhase section */
		DB4096FD2C81FCE2007AA461 /* Frameworks */ = {
			isa = PBXFrameworksBuildPhase;
			buildActionMask = 2147483647;
			files = (
			);
			runOnlyForDeploymentPostprocessing = 0;
		};
/* End PBXFrameworksBuildPhase section */

/* Begin PBXGroup section */
		A750CC4A2C85CC12003A4B0C /* Models */ = {
			isa = PBXGroup;
			children = (
				A750CC4B2C85CC28003A4B0C /* Entry.swift */,
			);
			path = Models;
			sourceTree = "<group>";
		};
		A750CC4D2C85CDFF003A4B0C /* Views */ = {
			isa = PBXGroup;
			children = (
				A750CC4E2C85CE90003A4B0C /* EntryListView.swift */,
				A750CC502C85EE74003A4B0C /* EntryView.swift */,
				A750CC582C871836003A4B0C /* ButtonView.swift */,
				A750CC5A2C871B33003A4B0C /* AddNewEntryView.swift */,
				A750CC5C2C871DB3003A4B0C /* EntryTypeSelectView.swift */,
				A750CC5E2C873D8F003A4B0C /* EntryDetails.swift */,
				A750CC662C886A25003A4B0C /* HomeTabView.swift */,
				A750CC682C886AE2003A4B0C /* CaloriesOverviewView.swift */,
			);
			path = Views;
			sourceTree = "<group>";
		};
		A750CC6A2C88908F003A4B0C /* Utils */ = {
			isa = PBXGroup;
			children = (
				A750CC6B2C88909D003A4B0C /* Utils.swift */,
			);
			path = Utils;
			sourceTree = "<group>";
		};
		DB4096F72C81FCE2007AA461 = {
			isa = PBXGroup;
			children = (
				DB4097022C81FCE2007AA461 /* 03-03-Ernaehrungstracker */,
				DB4097012C81FCE2007AA461 /* Products */,
			);
			sourceTree = "<group>";
		};
		DB4097012C81FCE2007AA461 /* Products */ = {
			isa = PBXGroup;
			children = (
				DB4097002C81FCE2007AA461 /* 03-03-Ernaehrungstracker.app */,
			);
			name = Products;
			sourceTree = "<group>";
		};
		DB4097022C81FCE2007AA461 /* 03-03-Ernaehrungstracker */ = {
			isa = PBXGroup;
			children = (
				A750CC6A2C88908F003A4B0C /* Utils */,
				A750CC4D2C85CDFF003A4B0C /* Views */,
				A750CC4A2C85CC12003A4B0C /* Models */,
				DB4097032C81FCE2007AA461 /* _3_03_ErnaehrungstrackerApp.swift */,
				DB4097052C81FCE2007AA461 /* ContentView.swift */,
				DB4097072C81FCE3007AA461 /* Assets.xcassets */,
				DB4097092C81FCE3007AA461 /* Preview Content */,
			);
			path = "03-03-Ernaehrungstracker";
			sourceTree = "<group>";
		};
		DB4097092C81FCE3007AA461 /* Preview Content */ = {
			isa = PBXGroup;
			children = (
				DB40970A2C81FCE3007AA461 /* Preview Assets.xcassets */,
			);
			path = "Preview Content";
			sourceTree = "<group>";
		};
/* End PBXGroup section */

/* Begin PBXNativeTarget section */
		DB4096FF2C81FCE2007AA461 /* 03-03-Ernaehrungstracker */ = {
			isa = PBXNativeTarget;
			buildConfigurationList = DB40970E2C81FCE3007AA461 /* Build configuration list for PBXNativeTarget "03-03-Ernaehrungstracker" */;
			buildPhases = (
				DB4096FC2C81FCE2007AA461 /* Sources */,
				DB4096FD2C81FCE2007AA461 /* Frameworks */,
				DB4096FE2C81FCE2007AA461 /* Resources */,
			);
			buildRules = (
			);
			dependencies = (
			);
			name = "03-03-Ernaehrungstracker";
			productName = "03-03-Ernaehrungstracker";
			productReference = DB4097002C81FCE2007AA461 /* 03-03-Ernaehrungstracker.app */;
			productType = "com.apple.product-type.application";
		};
/* End PBXNativeTarget section */

/* Begin PBXProject section */
		DB4096F82C81FCE2007AA461 /* Project object */ = {
			isa = PBXProject;
			attributes = {
				BuildIndependentTargetsInParallel = 1;
				LastSwiftUpdateCheck = 1540;
				LastUpgradeCheck = 1540;
				TargetAttributes = {
					DB4096FF2C81FCE2007AA461 = {
						CreatedOnToolsVersion = 15.4;
					};
				};
			};
			buildConfigurationList = DB4096FB2C81FCE2007AA461 /* Build configuration list for PBXProject "03-03-Ernaehrungstracker" */;
			compatibilityVersion = "Xcode 14.0";
			developmentRegion = en;
			hasScannedForEncodings = 0;
			knownRegions = (
				en,
				Base,
			);
			mainGroup = DB4096F72C81FCE2007AA461;
			productRefGroup = DB4097012C81FCE2007AA461 /* Products */;
			projectDirPath = "";
			projectRoot = "";
			targets = (
				DB4096FF2C81FCE2007AA461 /* 03-03-Ernaehrungstracker */,
			);
		};
/* End PBXProject section */

/* Begin PBXResourcesBuildPhase section */
		DB4096FE2C81FCE2007AA461 /* Resources */ = {
			isa = PBXResourcesBuildPhase;
			buildActionMask = 2147483647;
			files = (
				DB40970B2C81FCE3007AA461 /* Preview Assets.xcassets in Resources */,
				DB4097082C81FCE3007AA461 /* Assets.xcassets in Resources */,
			);
			runOnlyForDeploymentPostprocessing = 0;
		};
/* End PBXResourcesBuildPhase section */

/* Begin PBXSourcesBuildPhase section */
		DB4096FC2C81FCE2007AA461 /* Sources */ = {
			isa = PBXSourcesBuildPhase;
			buildActionMask = 2147483647;
			files = (
				A750CC4C2C85CC28003A4B0C /* Entry.swift in Sources */,
				A750CC5F2C873D8F003A4B0C /* EntryDetails.swift in Sources */,
				DB4097062C81FCE2007AA461 /* ContentView.swift in Sources */,
				A750CC592C871836003A4B0C /* ButtonView.swift in Sources */,
				A750CC5D2C871DB3003A4B0C /* EntryTypeSelectView.swift in Sources */,
				A750CC512C85EE74003A4B0C /* EntryView.swift in Sources */,
				A750CC5B2C871B33003A4B0C /* AddNewEntryView.swift in Sources */,
				A750CC672C886A25003A4B0C /* HomeTabView.swift in Sources */,
				A750CC692C886AE2003A4B0C /* CaloriesOverviewView.swift in Sources */,
				DB4097042C81FCE2007AA461 /* _3_03_ErnaehrungstrackerApp.swift in Sources */,
				A750CC4F2C85CE90003A4B0C /* EntryListView.swift in Sources */,
				A750CC6C2C88909D003A4B0C /* Utils.swift in Sources */,
			);
			runOnlyForDeploymentPostprocessing = 0;
		};
/* End PBXSourcesBuildPhase section */

/* Begin XCBuildConfiguration section */
		DB40970C2C81FCE3007AA461 /* Debug */ = {
			isa = XCBuildConfiguration;
			buildSettings = {
				ALWAYS_SEARCH_USER_PATHS = NO;
				ASSETCATALOG_COMPILER_GENERATE_SWIFT_ASSET_SYMBOL_EXTENSIONS = YES;
				CLANG_ANALYZER_NONNULL = YES;
				CLANG_ANALYZER_NUMBER_OBJECT_CONVERSION = YES_AGGRESSIVE;
				CLANG_CXX_LANGUAGE_STANDARD = "gnu++20";
				CLANG_ENABLE_MODULES = YES;
				CLANG_ENABLE_OBJC_ARC = YES;
				CLANG_ENABLE_OBJC_WEAK = YES;
				CLANG_WARN_BLOCK_CAPTURE_AUTORELEASING = YES;
				CLANG_WARN_BOOL_CONVERSION = YES;
				CLANG_WARN_COMMA = YES;
				CLANG_WARN_CONSTANT_CONVERSION = YES;
				CLANG_WARN_DEPRECATED_OBJC_IMPLEMENTATIONS = YES;
				CLANG_WARN_DIRECT_OBJC_ISA_USAGE = YES_ERROR;
				CLANG_WARN_DOCUMENTATION_COMMENTS = YES;
				CLANG_WARN_EMPTY_BODY = YES;
				CLANG_WARN_ENUM_CONVERSION = YES;
				CLANG_WARN_INFINITE_RECURSION = YES;
				CLANG_WARN_INT_CONVERSION = YES;
				CLANG_WARN_NON_LITERAL_NULL_CONVERSION = YES;
				CLANG_WARN_OBJC_IMPLICIT_RETAIN_SELF = YES;
				CLANG_WARN_OBJC_LITERAL_CONVERSION = YES;
				CLANG_WARN_OBJC_ROOT_CLASS = YES_ERROR;
				CLANG_WARN_QUOTED_INCLUDE_IN_FRAMEWORK_HEADER = YES;
				CLANG_WARN_RANGE_LOOP_ANALYSIS = YES;
				CLANG_WARN_STRICT_PROTOTYPES = YES;
				CLANG_WARN_SUSPICIOUS_MOVE = YES;
				CLANG_WARN_UNGUARDED_AVAILABILITY = YES_AGGRESSIVE;
				CLANG_WARN_UNREACHABLE_CODE = YES;
				CLANG_WARN__DUPLICATE_METHOD_MATCH = YES;
				COPY_PHASE_STRIP = NO;
				DEBUG_INFORMATION_FORMAT = dwarf;
				ENABLE_STRICT_OBJC_MSGSEND = YES;
				ENABLE_TESTABILITY = YES;
				ENABLE_USER_SCRIPT_SANDBOXING = YES;
				GCC_C_LANGUAGE_STANDARD = gnu17;
				GCC_DYNAMIC_NO_PIC = NO;
				GCC_NO_COMMON_BLOCKS = YES;
				GCC_OPTIMIZATION_LEVEL = 0;
				GCC_PREPROCESSOR_DEFINITIONS = (
					"DEBUG=1",
					"$(inherited)",
				);
				GCC_WARN_64_TO_32_BIT_CONVERSION = YES;
				GCC_WARN_ABOUT_RETURN_TYPE = YES_ERROR;
				GCC_WARN_UNDECLARED_SELECTOR = YES;
				GCC_WARN_UNINITIALIZED_AUTOS = YES_AGGRESSIVE;
				GCC_WARN_UNUSED_FUNCTION = YES;
				GCC_WARN_UNUSED_VARIABLE = YES;
				IPHONEOS_DEPLOYMENT_TARGET = 17.5;
				LOCALIZATION_PREFERS_STRING_CATALOGS = YES;
				MTL_ENABLE_DEBUG_INFO = INCLUDE_SOURCE;
				MTL_FAST_MATH = YES;
				ONLY_ACTIVE_ARCH = YES;
				SDKROOT = iphoneos;
				SWIFT_ACTIVE_COMPILATION_CONDITIONS = "DEBUG $(inherited)";
				SWIFT_OPTIMIZATION_LEVEL = "-Onone";
			};
			name = Debug;
		};
		DB40970D2C81FCE3007AA461 /* Release */ = {
			isa = XCBuildConfiguration;
			buildSettings = {
				ALWAYS_SEARCH_USER_PATHS = NO;
				ASSETCATALOG_COMPILER_GENERATE_SWIFT_ASSET_SYMBOL_EXTENSIONS = YES;
				CLANG_ANALYZER_NONNULL = YES;
				CLANG_ANALYZER_NUMBER_OBJECT_CONVERSION = YES_AGGRESSIVE;
				CLANG_CXX_LANGUAGE_STANDARD = "gnu++20";
				CLANG_ENABLE_MODULES = YES;
				CLANG_ENABLE_OBJC_ARC = YES;
				CLANG_ENABLE_OBJC_WEAK = YES;
				CLANG_WARN_BLOCK_CAPTURE_AUTORELEASING = YES;
				CLANG_WARN_BOOL_CONVERSION = YES;
				CLANG_WARN_COMMA = YES;
				CLANG_WARN_CONSTANT_CONVERSION = YES;
				CLANG_WARN_DEPRECATED_OBJC_IMPLEMENTATIONS = YES;
				CLANG_WARN_DIRECT_OBJC_ISA_USAGE = YES_ERROR;
				CLANG_WARN_DOCUMENTATION_COMMENTS = YES;
				CLANG_WARN_EMPTY_BODY = YES;
				CLANG_WARN_ENUM_CONVERSION = YES;
				CLANG_WARN_INFINITE_RECURSION = YES;
				CLANG_WARN_INT_CONVERSION = YES;
				CLANG_WARN_NON_LITERAL_NULL_CONVERSION = YES;
				CLANG_WARN_OBJC_IMPLICIT_RETAIN_SELF = YES;
				CLANG_WARN_OBJC_LITERAL_CONVERSION = YES;
				CLANG_WARN_OBJC_ROOT_CLASS = YES_ERROR;
				CLANG_WARN_QUOTED_INCLUDE_IN_FRAMEWORK_HEADER = YES;
				CLANG_WARN_RANGE_LOOP_ANALYSIS = YES;
				CLANG_WARN_STRICT_PROTOTYPES = YES;
				CLANG_WARN_SUSPICIOUS_MOVE = YES;
				CLANG_WARN_UNGUARDED_AVAILABILITY = YES_AGGRESSIVE;
				CLANG_WARN_UNREACHABLE_CODE = YES;
				CLANG_WARN__DUPLICATE_METHOD_MATCH = YES;
				COPY_PHASE_STRIP = NO;
				DEBUG_INFORMATION_FORMAT = "dwarf-with-dsym";
				ENABLE_NS_ASSERTIONS = NO;
				ENABLE_STRICT_OBJC_MSGSEND = YES;
				ENABLE_USER_SCRIPT_SANDBOXING = YES;
				GCC_C_LANGUAGE_STANDARD = gnu17;
				GCC_NO_COMMON_BLOCKS = YES;
				GCC_WARN_64_TO_32_BIT_CONVERSION = YES;
				GCC_WARN_ABOUT_RETURN_TYPE = YES_ERROR;
				GCC_WARN_UNDECLARED_SELECTOR = YES;
				GCC_WARN_UNINITIALIZED_AUTOS = YES_AGGRESSIVE;
				GCC_WARN_UNUSED_FUNCTION = YES;
				GCC_WARN_UNUSED_VARIABLE = YES;
				IPHONEOS_DEPLOYMENT_TARGET = 17.5;
				LOCALIZATION_PREFERS_STRING_CATALOGS = YES;
				MTL_ENABLE_DEBUG_INFO = NO;
				MTL_FAST_MATH = YES;
				SDKROOT = iphoneos;
				SWIFT_COMPILATION_MODE = wholemodule;
				VALIDATE_PRODUCT = YES;
			};
			name = Release;
		};
		DB40970F2C81FCE3007AA461 /* Debug */ = {
			isa = XCBuildConfiguration;
			buildSettings = {
				ASSETCATALOG_COMPILER_APPICON_NAME = AppIcon;
				ASSETCATALOG_COMPILER_GLOBAL_ACCENT_COLOR_NAME = AccentColor;
				CODE_SIGN_STYLE = Automatic;
				CURRENT_PROJECT_VERSION = 1;
				DEVELOPMENT_ASSET_PATHS = "\"03-03-Ernaehrungstracker/Preview Content\"";
				ENABLE_PREVIEWS = YES;
				GENERATE_INFOPLIST_FILE = YES;
				INFOPLIST_KEY_UIApplicationSceneManifest_Generation = YES;
				INFOPLIST_KEY_UIApplicationSupportsIndirectInputEvents = YES;
				INFOPLIST_KEY_UILaunchScreen_Generation = YES;
				INFOPLIST_KEY_UISupportedInterfaceOrientations_iPad = "UIInterfaceOrientationPortrait UIInterfaceOrientationPortraitUpsideDown UIInterfaceOrientationLandscapeLeft UIInterfaceOrientationLandscapeRight";
				INFOPLIST_KEY_UISupportedInterfaceOrientations_iPhone = "UIInterfaceOrientationPortrait UIInterfaceOrientationLandscapeLeft UIInterfaceOrientationLandscapeRight";
				IPHONEOS_DEPLOYMENT_TARGET = 17.2;
				LD_RUNPATH_SEARCH_PATHS = (
					"$(inherited)",
					"@executable_path/Frameworks",
				);
				MARKETING_VERSION = 1.0;
				PRODUCT_BUNDLE_IDENTIFIER = "de.syntax-institut.-3-03-Ernaehrungstracker";
				PRODUCT_NAME = "$(TARGET_NAME)";
				SWIFT_EMIT_LOC_STRINGS = YES;
				SWIFT_VERSION = 5.0;
				TARGETED_DEVICE_FAMILY = "1,2";
			};
			name = Debug;
		};
		DB4097102C81FCE3007AA461 /* Release */ = {
			isa = XCBuildConfiguration;
			buildSettings = {
				ASSETCATALOG_COMPILER_APPICON_NAME = AppIcon;
				ASSETCATALOG_COMPILER_GLOBAL_ACCENT_COLOR_NAME = AccentColor;
				CODE_SIGN_STYLE = Automatic;
				CURRENT_PROJECT_VERSION = 1;
				DEVELOPMENT_ASSET_PATHS = "\"03-03-Ernaehrungstracker/Preview Content\"";
				ENABLE_PREVIEWS = YES;
				GENERATE_INFOPLIST_FILE = YES;
				INFOPLIST_KEY_UIApplicationSceneManifest_Generation = YES;
				INFOPLIST_KEY_UIApplicationSupportsIndirectInputEvents = YES;
				INFOPLIST_KEY_UILaunchScreen_Generation = YES;
				INFOPLIST_KEY_UISupportedInterfaceOrientations_iPad = "UIInterfaceOrientationPortrait UIInterfaceOrientationPortraitUpsideDown UIInterfaceOrientationLandscapeLeft UIInterfaceOrientationLandscapeRight";
				INFOPLIST_KEY_UISupportedInterfaceOrientations_iPhone = "UIInterfaceOrientationPortrait UIInterfaceOrientationLandscapeLeft UIInterfaceOrientationLandscapeRight";
				IPHONEOS_DEPLOYMENT_TARGET = 17.2;
				LD_RUNPATH_SEARCH_PATHS = (
					"$(inherited)",
					"@executable_path/Frameworks",
				);
				MARKETING_VERSION = 1.0;
				PRODUCT_BUNDLE_IDENTIFIER = "de.syntax-institut.-3-03-Ernaehrungstracker";
				PRODUCT_NAME = "$(TARGET_NAME)";
				SWIFT_EMIT_LOC_STRINGS = YES;
				SWIFT_VERSION = 5.0;
				TARGETED_DEVICE_FAMILY = "1,2";
			};
			name = Release;
		};
/* End XCBuildConfiguration section */

/* Begin XCConfigurationList section */
		DB4096FB2C81FCE2007AA461 /* Build configuration list for PBXProject "03-03-Ernaehrungstracker" */ = {
			isa = XCConfigurationList;
			buildConfigurations = (
				DB40970C2C81FCE3007AA461 /* Debug */,
				DB40970D2C81FCE3007AA461 /* Release */,
			);
			defaultConfigurationIsVisible = 0;
			defaultConfigurationName = Release;
		};
		DB40970E2C81FCE3007AA461 /* Build configuration list for PBXNativeTarget "03-03-Ernaehrungstracker" */ = {
			isa = XCConfigurationList;
			buildConfigurations = (
				DB40970F2C81FCE3007AA461 /* Debug */,
				DB4097102C81FCE3007AA461 /* Release */,
			);
			defaultConfigurationIsVisible = 0;
			defaultConfigurationName = Release;
		};
/* End XCConfigurationList section */
	};
	rootObject = DB4096F82C81FCE2007AA461 /* Project object */;
}
